
Microsoft Visual Studio Solution File, Format Version 12.00
# Visual Studio Version 17
VisualStudioVersion = 17.13.35825.156 d17.13
MinimumVisualStudioVersion = 10.0.40219.1
Project("{FAE04EC0-301F-11D3-BF4B-00C04F79EFBC}") = "User_FollowUp_Task", "User_FollowUp_Task\User_FollowUp_Task.csproj", "{21C3BB8E-9D85-4DB0-9DCA-0A2183CAC4E9}"
EndProject
Project("{FAE04EC0-301F-11D3-BF4B-00C04F79EFBC}") = "User_FollowUp_Task.Client", "User_FollowUp_Task.Client\User_FollowUp_Task.Client.csproj", "{6E45D087-E3FB-47CF-AB48-4EA71EF55A91}"
EndProject
Global
	GlobalSection(SolutionConfigurationPlatforms) = preSolution
		Debug|Any CPU = Debug|Any CPU
		Release|Any CPU = Release|Any CPU
	EndGlobalSection
	GlobalSection(ProjectConfigurationPlatforms) = postSolution
		{21C3BB8E-9D85-4DB0-9DCA-0A2183CAC4E9}.Debug|Any CPU.ActiveCfg = Debug|Any CPU
		{21C3BB8E-9D85-4DB0-9DCA-0A2183CAC4E9}.Debug|Any CPU.Build.0 = Debug|Any CPU
		{21C3BB8E-9D85-4DB0-9DCA-0A2183CAC4E9}.Release|Any CPU.ActiveCfg = Release|Any CPU
		{21C3BB8E-9D85-4DB0-9DCA-0A2183CAC4E9}.Release|Any CPU.Build.0 = Release|Any CPU
		{6E45D087-E3FB-47CF-AB48-4EA71EF55A91}.Debug|Any CPU.ActiveCfg = Debug|Any CPU
		{6E45D087-E3FB-47CF-AB48-4EA71EF55A91}.Debug|Any CPU.Build.0 = Debug|Any CPU
		{6E45D087-E3FB-47CF-AB48-4EA71EF55A91}.Release|Any CPU.ActiveCfg = Release|Any CPU
		{6E45D087-E3FB-47CF-AB48-4EA71EF55A91}.Release|Any CPU.Build.0 = Release|Any CPU
	EndGlobalSection
	GlobalSection(SolutionProperties) = preSolution
		HideSolutionNode = FALSE
	EndGlobalSection
	GlobalSection(ExtensibilityGlobals) = postSolution
		SolutionGuid = {A3416205-DFF2-463A-84B9-DFC0FEEB371E}
	EndGlobalSection
EndGlobal
